
Microsoft Visual Studio Solution File, Format Version 12.00
# Visual Studio 15
VisualStudioVersion = 15.0.28307.1259
MinimumVisualStudioVersion = 10.0.40219.1
Project("{8BC9CEB8-8B4A-11D0-8D11-00A0C91BC942}") = "HW", "HW\HW.vcxproj", "{2E270B2E-E3F7-4E04-9510-585AA97E2A9A}"
EndProject
Global
	GlobalSection(SolutionConfigurationPlatforms) = preSolution
		Debug|x64 = Debug|x64
		Debug|x86 = Debug|x86
		Release|x64 = Release|x64
		Release|x86 = Release|x86
	EndGlobalSection
	GlobalSection(ProjectConfigurationPlatforms) = postSolution
		{2E270B2E-E3F7-4E04-9510-585AA97E2A9A}.Debug|x64.ActiveCfg = Debug|x64
		{2E270B2E-E3F7-4E04-9510-585AA97E2A9A}.Debug|x64.Build.0 = Debug|x64
		{2E270B2E-E3F7-4E04-9510-585AA97E2A9A}.Debug|x86.ActiveCfg = Debug|Win32
		{2E270B2E-E3F7-4E04-9510-585AA97E2A9A}.Debug|x86.Build.0 = Debug|Win32
		{2E270B2E-E3F7-4E04-9510-585AA97E2A9A}.Release|x64.ActiveCfg = Release|x64
		{2E270B2E-E3F7-4E04-9510-585AA97E2A9A}.Release|x64.Build.0 = Release|x64
		{2E270B2E-E3F7-4E04-9510-585AA97E2A9A}.Release|x86.ActiveCfg = Release|Win32
		{2E270B2E-E3F7-4E04-9510-585AA97E2A9A}.Release|x86.Build.0 = Release|Win32
	EndGlobalSection
	GlobalSection(SolutionProperties) = preSolution
		HideSolutionNode = FALSE
	EndGlobalSection
	GlobalSection(ExtensibilityGlobals) = postSolution
		SolutionGuid = {0F052864-BEEA-4EED-B81D-8757F486C66D}
	EndGlobalSection
EndGlobal
